Microsoft Visual Studio Solution File, Format Version 12.00
# Visual Studio Version 17
VisualStudioVersion = 17.5.002.0
MinimumVisualStudioVersion = 10.0.40219.1
Project("{9A19103F-16F7-4668-BE54-9A1E7A4F7556}") = "MyMEDIA.Web", "MyMEDIA.Web\\MyMEDIA.Web.csproj", "{D6DE9233-CFB8-48D3-B88F-BDB3EE444181}"
EndProject
Project("{9A19103F-16F7-4668-BE54-9A1E7A4F7556}") = "MyMEDIA.API", "MyMEDIA.API\\MyMEDIA.API.csproj", "{35951A6F-2F7B-4734-AEBF-E220C0FB5965}"
EndProject
Project("{9A19103F-16F7-4668-BE54-9A1E7A4F7556}") = "MyMEDIA.Shared", "MyMEDIA.Shared\\MyMEDIA.Shared.csproj", "{71AB8E29-3022-4854-B25B-C93B0C57216F}"
EndProject
Project("{9A19103F-16F7-4668-BE54-9A1E7A4F7556}") = "MyMEDIA.Client", "MyMEDIA.Client\\MyMEDIA.Client.csproj", "{A5CD2AC9-E9B6-4341-8599-616C6637E491}"
EndProject
Project("{9A19103F-16F7-4668-BE54-9A1E7A4F7556}") = "MyMEDIA.Management", "MyMEDIA.Management\\MyMEDIA.Management.csproj", "{91AC6C5B-A214-4302-AA6B-9940EA92A4D3}"
EndProject
Project("{9A19103F-16F7-4668-BE54-9A1E7A4F7556}") = "MyMEDIA.Maui", "MyMEDIA.Maui\MyMEDIA.Maui.csproj", "{628A337C-6C66-401B-8F52-F5575E48E38B}"
EndProject
Global
	GlobalSection(SolutionConfigurationPlatforms) = preSolution
		Debug|Any CPU = Debug|Any CPU
		Release|Any CPU = Release|Any CPU
	EndGlobalSection
	GlobalSection(ProjectConfigurationPlatforms) = postSolution
		{628A337C-6C66-401B-8F52-F5575E48E38B}.Debug|Any CPU.ActiveCfg = Debug|Any CPU
		{628A337C-6C66-401B-8F52-F5575E48E38B}.Debug|Any CPU.Build.0 = Debug|Any CPU
		{628A337C-6C66-401B-8F52-F5575E48E38B}.Release|Any CPU.ActiveCfg = Release|Any CPU
		{628A337C-6C66-401B-8F52-F5575E48E38B}.Release|Any CPU.Build.0 = Release|Any CPU
		{D6DE9233-CFB8-48D3-B88F-BDB3EE444181}.Debug|Any CPU.ActiveCfg = Debug|Any CPU
		{D6DE9233-CFB8-48D3-B88F-BDB3EE444181}.Debug|Any CPU.Build.0 = Debug|Any CPU
		{D6DE9233-CFB8-48D3-B88F-BDB3EE444181}.Release|Any CPU.ActiveCfg = Release|Any CPU
		{D6DE9233-CFB8-48D3-B88F-BDB3EE444181}.Release|Any CPU.Build.0 = Release|Any CPU
		{35951A6F-2F7B-4734-AEBF-E220C0FB5965}.Debug|Any CPU.ActiveCfg = Debug|Any CPU
		{35951A6F-2F7B-4734-AEBF-E220C0FB5965}.Debug|Any CPU.Build.0 = Debug|Any CPU
		{35951A6F-2F7B-4734-AEBF-E220C0FB5965}.Release|Any CPU.ActiveCfg = Release|Any CPU
		{35951A6F-2F7B-4734-AEBF-E220C0FB5965}.Release|Any CPU.Build.0 = Release|Any CPU
		{71AB8E29-3022-4854-B25B-C93B0C57216F}.Debug|Any CPU.ActiveCfg = Debug|Any CPU
		{71AB8E29-3022-4854-B25B-C93B0C57216F}.Debug|Any CPU.Build.0 = Debug|Any CPU
		{71AB8E29-3022-4854-B25B-C93B0C57216F}.Release|Any CPU.ActiveCfg = Release|Any CPU
		{71AB8E29-3022-4854-B25B-C93B0C57216F}.Release|Any CPU.Build.0 = Release|Any CPU
		{A5CD2AC9-E9B6-4341-8599-616C6637E491}.Debug|Any CPU.ActiveCfg = Debug|Any CPU
		{A5CD2AC9-E9B6-4341-8599-616C6637E491}.Debug|Any CPU.Build.0 = Debug|Any CPU
		{A5CD2AC9-E9B6-4341-8599-616C6637E491}.Release|Any CPU.ActiveCfg = Release|Any CPU
		{A5CD2AC9-E9B6-4341-8599-616C6637E491}.Release|Any CPU.Build.0 = Release|Any CPU
		{91AC6C5B-A214-4302-AA6B-9940EA92A4D3}.Debug|Any CPU.ActiveCfg = Debug|Any CPU
		{91AC6C5B-A214-4302-AA6B-9940EA92A4D3}.Debug|Any CPU.Build.0 = Debug|Any CPU
		{91AC6C5B-A214-4302-AA6B-9940EA92A4D3}.Release|Any CPU.ActiveCfg = Release|Any CPU
		{91AC6C5B-A214-4302-AA6B-9940EA92A4D3}.Release|Any CPU.Build.0 = Release|Any CPU
	EndGlobalSection
	GlobalSection(SolutionProperties) = preSolution
		HideSolutionNode = FALSE
	EndGlobalSection
	GlobalSection(ExtensibilityGlobals) = postSolution
		SolutionGuid = {6A395458-BE40-4A28-A51C-B26EB536C107}
	EndGlobalSection
EndGlobal
